{
  "name": "react-native-image-filter-kit",
  "version": "0.0.0",
  "lockfileVersion": 1,
  "requires": true,
  "dependencies": {
    "react-children-utilities": {
      "version": "github:iyegoroff/react-children-utilities#7979229ed12e49b3fc67b8ab47777a7480d39f2e",
      "from": "github:iyegoroff/react-children-utilities#prebuilt"
    }
  }
}
